
Microsoft Visual Studio Solution File, Format Version 12.00
# Visual Studio Version 16
VisualStudioVersion = 16.0.31321.278
MinimumVisualStudioVersion = 10.0.40219.1
Project("{159641D6-6404-4A2A-AE62-294DE0FE8301}") = "Integration Services Project pruebanorthwind_mart", "Integration Services Project pruebanorthwind_mart.dtproj", "{98404B46-6F10-472D-88AC-AF2B7EE250E1}"
EndProject
Global
	GlobalSection(SolutionConfigurationPlatforms) = preSolution
		Development|Default = Development|Default
	EndGlobalSection
	GlobalSection(ProjectConfigurationPlatforms) = postSolution
		{98404B46-6F10-472D-88AC-AF2B7EE250E1}.Development|Default.ActiveCfg = Development
		{98404B46-6F10-472D-88AC-AF2B7EE250E1}.Development|Default.Build.0 = Development
	EndGlobalSection
	GlobalSection(SolutionProperties) = preSolution
		HideSolutionNode = FALSE
	EndGlobalSection
	GlobalSection(ExtensibilityGlobals) = postSolution
		SolutionGuid = {D0EFAF90-42E6-4CAB-AC48-6374B2BEF0A2}
	EndGlobalSection
EndGlobal
